Microsoft Visual Studio Solution File, Format Version 12.00
# Visual Studio Version 17
VisualStudioVersion = 17.5.2.0
MinimumVisualStudioVersion = 10.0.40219.1
Project("{2150E333-8FDC-42A3-9474-1A3956D46DE8}") = "src", "src", "{827E0CD3-B72D-47B6-A68D-7590B98EB39B}"
EndProject
Project("{2150E333-8FDC-42A3-9474-1A3956D46DE8}") = "building-blocks", "building-blocks", "{C13E73B6-616D-3195-CD22-1E55A7D1F969}"
EndProject
Project("{FAE04EC0-301F-11D3-BF4B-00C04F79EFBC}") = "Opus.Storage", "src\building-blocks\Opus.Storage\Opus.Storage.csproj", "{23AFC3C7-6070-C746-1DDB-05AF639D2FCB}"
EndProject
Project("{FAE04EC0-301F-11D3-BF4B-00C04F79EFBC}") = "Opus.Security", "src\building-blocks\Opus.Security\Opus.Security.csproj", "{76C556E4-8136-0694-C144-394BE5381FB6}"
EndProject
Project("{FAE04EC0-301F-11D3-BF4B-00C04F79EFBC}") = "Opus.Common", "src\building-blocks\Opus.Common\Opus.Common.csproj", "{FE8FD5D6-FBAD-606A-DB35-2D866D7BDE5E}"
EndProject
Project("{FAE04EC0-301F-11D3-BF4B-00C04F79EFBC}") = "Opus.Messaging", "src\building-blocks\Opus.Messaging\Opus.Messaging.csproj", "{06187864-AA4A-C0F6-9210-8C830128A1E7}"
EndProject
Project("{2150E333-8FDC-42A3-9474-1A3956D46DE8}") = "services", "services", "{984BB9B3-3FA3-BE33-9484-CAC21695A33C}"
EndProject
Project("{2150E333-8FDC-42A3-9474-1A3956D46DE8}") = "workflow", "workflow", "{A4401965-5809-5141-2D9E-29A141B8CC83}"
EndProject
Project("{FAE04EC0-301F-11D3-BF4B-00C04F79EFBC}") = "Opus.Workflow.Api", "src\services\workflow\Opus.Workflow.Api\Opus.Workflow.Api.csproj", "{9E7AE42D-3D94-22C4-19AA-1FFA453FCCAA}"
EndProject
Project("{2150E333-8FDC-42A3-9474-1A3956D46DE8}") = "files", "files", "{0ECEB016-74AE-DC37-150E-5735AD5EEA0D}"
EndProject
Project("{FAE04EC0-301F-11D3-BF4B-00C04F79EFBC}") = "Opus.Files.Api", "src\services\files\Opus.Files.Api\Opus.Files.Api.csproj", "{F2C37020-260D-56BF-CF25-7886243F7E48}"
EndProject
Project("{2150E333-8FDC-42A3-9474-1A3956D46DE8}") = "telemetry", "telemetry", "{D1EA7F8B-1464-5AE4-39E5-7C916237C84D}"
EndProject
Project("{FAE04EC0-301F-11D3-BF4B-00C04F79EFBC}") = "Opus.Telemetry.Api", "src\services\telemetry\Opus.Telemetry.Api\Opus.Telemetry.Api.csproj", "{6A631B4D-2348-AF76-D0D0-F9E804CE34C2}"
EndProject
Project("{2150E333-8FDC-42A3-9474-1A3956D46DE8}") = "customer", "customer", "{BD33319C-751A-386D-048F-9AEFDEDD6518}"
EndProject
Project("{FAE04EC0-301F-11D3-BF4B-00C04F79EFBC}") = "Opus.Customer.Api", "src\services\customer\Opus.Customer.Api\Opus.Customer.Api.csproj", "{35FDFAF4-1C26-8FAF-EA24-1128970DEF0C}"
EndProject
Project("{2150E333-8FDC-42A3-9474-1A3956D46DE8}") = "gateway", "gateway", "{40D82F4B-B633-3F95-724A-860306E6F4AA}"
EndProject
Project("{FAE04EC0-301F-11D3-BF4B-00C04F79EFBC}") = "Opus.Gateway.Api", "src\services\gateway\Opus.Gateway.Api\Opus.Gateway.Api.csproj", "{AE297D89-5EF4-339A-29D9-CF94B4573A75}"
EndProject
Global
	GlobalSection(SolutionConfigurationPlatforms) = preSolution
		Debug|Any CPU = Debug|Any CPU
		Release|Any CPU = Release|Any CPU
	EndGlobalSection
	GlobalSection(ProjectConfigurationPlatforms) = postSolution
		{23AFC3C7-6070-C746-1DDB-05AF639D2FCB}.Debug|Any CPU.ActiveCfg = Debug|Any CPU
		{23AFC3C7-6070-C746-1DDB-05AF639D2FCB}.Debug|Any CPU.Build.0 = Debug|Any CPU
		{23AFC3C7-6070-C746-1DDB-05AF639D2FCB}.Release|Any CPU.ActiveCfg = Release|Any CPU
		{23AFC3C7-6070-C746-1DDB-05AF639D2FCB}.Release|Any CPU.Build.0 = Release|Any CPU
		{76C556E4-8136-0694-C144-394BE5381FB6}.Debug|Any CPU.ActiveCfg = Debug|Any CPU
		{76C556E4-8136-0694-C144-394BE5381FB6}.Debug|Any CPU.Build.0 = Debug|Any CPU
		{76C556E4-8136-0694-C144-394BE5381FB6}.Release|Any CPU.ActiveCfg = Release|Any CPU
		{76C556E4-8136-0694-C144-394BE5381FB6}.Release|Any CPU.Build.0 = Release|Any CPU
		{FE8FD5D6-FBAD-606A-DB35-2D866D7BDE5E}.Debug|Any CPU.ActiveCfg = Debug|Any CPU
		{FE8FD5D6-FBAD-606A-DB35-2D866D7BDE5E}.Debug|Any CPU.Build.0 = Debug|Any CPU
		{FE8FD5D6-FBAD-606A-DB35-2D866D7BDE5E}.Release|Any CPU.ActiveCfg = Release|Any CPU
		{FE8FD5D6-FBAD-606A-DB35-2D866D7BDE5E}.Release|Any CPU.Build.0 = Release|Any CPU
		{06187864-AA4A-C0F6-9210-8C830128A1E7}.Debug|Any CPU.ActiveCfg = Debug|Any CPU
		{06187864-AA4A-C0F6-9210-8C830128A1E7}.Debug|Any CPU.Build.0 = Debug|Any CPU
		{06187864-AA4A-C0F6-9210-8C830128A1E7}.Release|Any CPU.ActiveCfg = Release|Any CPU
		{06187864-AA4A-C0F6-9210-8C830128A1E7}.Release|Any CPU.Build.0 = Release|Any CPU
		{9E7AE42D-3D94-22C4-19AA-1FFA453FCCAA}.Debug|Any CPU.ActiveCfg = Debug|Any CPU
		{9E7AE42D-3D94-22C4-19AA-1FFA453FCCAA}.Debug|Any CPU.Build.0 = Debug|Any CPU
		{9E7AE42D-3D94-22C4-19AA-1FFA453FCCAA}.Release|Any CPU.ActiveCfg = Release|Any CPU
		{9E7AE42D-3D94-22C4-19AA-1FFA453FCCAA}.Release|Any CPU.Build.0 = Release|Any CPU
		{F2C37020-260D-56BF-CF25-7886243F7E48}.Debug|Any CPU.ActiveCfg = Debug|Any CPU
		{F2C37020-260D-56BF-CF25-7886243F7E48}.Debug|Any CPU.Build.0 = Debug|Any CPU
		{F2C37020-260D-56BF-CF25-7886243F7E48}.Release|Any CPU.ActiveCfg = Release|Any CPU
		{F2C37020-260D-56BF-CF25-7886243F7E48}.Release|Any CPU.Build.0 = Release|Any CPU
		{6A631B4D-2348-AF76-D0D0-F9E804CE34C2}.Debug|Any CPU.ActiveCfg = Debug|Any CPU
		{6A631B4D-2348-AF76-D0D0-F9E804CE34C2}.Debug|Any CPU.Build.0 = Debug|Any CPU
		{6A631B4D-2348-AF76-D0D0-F9E804CE34C2}.Release|Any CPU.ActiveCfg = Release|Any CPU
		{6A631B4D-2348-AF76-D0D0-F9E804CE34C2}.Release|Any CPU.Build.0 = Release|Any CPU
		{35FDFAF4-1C26-8FAF-EA24-1128970DEF0C}.Debug|Any CPU.ActiveCfg = Debug|Any CPU
		{35FDFAF4-1C26-8FAF-EA24-1128970DEF0C}.Debug|Any CPU.Build.0 = Debug|Any CPU
		{35FDFAF4-1C26-8FAF-EA24-1128970DEF0C}.Release|Any CPU.ActiveCfg = Release|Any CPU
		{35FDFAF4-1C26-8FAF-EA24-1128970DEF0C}.Release|Any CPU.Build.0 = Release|Any CPU
		{AE297D89-5EF4-339A-29D9-CF94B4573A75}.Debug|Any CPU.ActiveCfg = Debug|Any CPU
		{AE297D89-5EF4-339A-29D9-CF94B4573A75}.Debug|Any CPU.Build.0 = Debug|Any CPU
		{AE297D89-5EF4-339A-29D9-CF94B4573A75}.Release|Any CPU.ActiveCfg = Release|Any CPU
		{AE297D89-5EF4-339A-29D9-CF94B4573A75}.Release|Any CPU.Build.0 = Release|Any CPU
	EndGlobalSection
	GlobalSection(SolutionProperties) = preSolution
		HideSolutionNode = FALSE
	EndGlobalSection
	GlobalSection(NestedProjects) = preSolution
		{C13E73B6-616D-3195-CD22-1E55A7D1F969} = {827E0CD3-B72D-47B6-A68D-7590B98EB39B}
		{23AFC3C7-6070-C746-1DDB-05AF639D2FCB} = {C13E73B6-616D-3195-CD22-1E55A7D1F969}
		{76C556E4-8136-0694-C144-394BE5381FB6} = {C13E73B6-616D-3195-CD22-1E55A7D1F969}
		{FE8FD5D6-FBAD-606A-DB35-2D866D7BDE5E} = {C13E73B6-616D-3195-CD22-1E55A7D1F969}
		{06187864-AA4A-C0F6-9210-8C830128A1E7} = {C13E73B6-616D-3195-CD22-1E55A7D1F969}
		{984BB9B3-3FA3-BE33-9484-CAC21695A33C} = {827E0CD3-B72D-47B6-A68D-7590B98EB39B}
		{A4401965-5809-5141-2D9E-29A141B8CC83} = {984BB9B3-3FA3-BE33-9484-CAC21695A33C}
		{9E7AE42D-3D94-22C4-19AA-1FFA453FCCAA} = {A4401965-5809-5141-2D9E-29A141B8CC83}
		{0ECEB016-74AE-DC37-150E-5735AD5EEA0D} = {984BB9B3-3FA3-BE33-9484-CAC21695A33C}
		{F2C37020-260D-56BF-CF25-7886243F7E48} = {0ECEB016-74AE-DC37-150E-5735AD5EEA0D}
		{D1EA7F8B-1464-5AE4-39E5-7C916237C84D} = {984BB9B3-3FA3-BE33-9484-CAC21695A33C}
		{6A631B4D-2348-AF76-D0D0-F9E804CE34C2} = {D1EA7F8B-1464-5AE4-39E5-7C916237C84D}
		{BD33319C-751A-386D-048F-9AEFDEDD6518} = {984BB9B3-3FA3-BE33-9484-CAC21695A33C}
		{35FDFAF4-1C26-8FAF-EA24-1128970DEF0C} = {BD33319C-751A-386D-048F-9AEFDEDD6518}
		{40D82F4B-B633-3F95-724A-860306E6F4AA} = {984BB9B3-3FA3-BE33-9484-CAC21695A33C}
		{AE297D89-5EF4-339A-29D9-CF94B4573A75} = {40D82F4B-B633-3F95-724A-860306E6F4AA}
	EndGlobalSection
	GlobalSection(ExtensibilityGlobals) = postSolution
		SolutionGuid = {6E65FCDA-0BD6-4364-9794-34F2F9E0DD86}
	EndGlobalSection
EndGlobal
